
Microsoft Visual Studio Solution File, Format Version 12.00
# Visual Studio Version 17
VisualStudioVersion = 17.3.32819.101
MinimumVisualStudioVersion = 10.0.40219.1
Project("{FAE04EC0-301F-11D3-BF4B-00C04F79EFBC}") = "Multiplicasion get y set", "Multiplicasion get y set\Multiplicasion get y set.csproj", "{8B80E854-4F83-473B-99F7-0DDA0DF0B01A}"
EndProject
Global
	GlobalSection(SolutionConfigurationPlatforms) = preSolution
		Debug|Any CPU = Debug|Any CPU
		Release|Any CPU = Release|Any CPU
	EndGlobalSection
	GlobalSection(ProjectConfigurationPlatforms) = postSolution
		{8B80E854-4F83-473B-99F7-0DDA0DF0B01A}.Debug|Any CPU.ActiveCfg = Debug|Any CPU
		{8B80E854-4F83-473B-99F7-0DDA0DF0B01A}.Debug|Any CPU.Build.0 = Debug|Any CPU
		{8B80E854-4F83-473B-99F7-0DDA0DF0B01A}.Release|Any CPU.ActiveCfg = Release|Any CPU
		{8B80E854-4F83-473B-99F7-0DDA0DF0B01A}.Release|Any CPU.Build.0 = Release|Any CPU
	EndGlobalSection
	GlobalSection(SolutionProperties) = preSolution
		HideSolutionNode = FALSE
	EndGlobalSection
	GlobalSection(ExtensibilityGlobals) = postSolution
		SolutionGuid = {90C6841A-B075-40DD-896E-1E527833B0F4}
	EndGlobalSection
EndGlobal
